// !$*UTF8*$!
{
	archiveVersion = 1;
	classes = {
	};
	objectVersion = 56;
	objects = {

/* Begin PBXBuildFile section */
		4D6093962938636100B82E6D /* WordListCell.swift in Sources */ = {isa = PBXBuildFile; fileRef = 4D6093942938636100B82E6D /* WordListCell.swift */; };
		4D6093972938636100B82E6D /* WordListCell.xib in Resources */ = {isa = PBXBuildFile; fileRef = 4D6093952938636100B82E6D /* WordListCell.xib */; };
		4D60939A293864B500B82E6D /* TotalWordListCell.swift in Sources */ = {isa = PBXBuildFile; fileRef = 4D609398293864B500B82E6D /* TotalWordListCell.swift */; };
		4D60939B293864B500B82E6D /* TotalWordListCell.xib in Resources */ = {isa = PBXBuildFile; fileRef = 4D609399293864B500B82E6D /* TotalWordListCell.xib */; };
		4D6A84EB29236FCA0050E38C /* CoreData+CoreDataClass.swift in Sources */ = {isa = PBXBuildFile; fileRef = 4D6A84E929236FCA0050E38C /* CoreData+CoreDataClass.swift */; };
		4D6A84EC29236FCA0050E38C /* CoreData+CoreDataProperties.swift in Sources */ = {isa = PBXBuildFile; fileRef = 4D6A84EA29236FCA0050E38C /* CoreData+CoreDataProperties.swift */; };
		4D7419CA292F305300A5FCD0 /* FSCalendar in Frameworks */ = {isa = PBXBuildFile; productRef = 4D7419C9292F305300A5FCD0 /* FSCalendar */; };
		4DCD1E6C291A283000F51EF2 /* AppDelegate.swift in Sources */ = {isa = PBXBuildFile; fileRef = 4DCD1E6B291A283000F51EF2 /* AppDelegate.swift */; };
		4DCD1E6E291A283000F51EF2 /* SceneDelegate.swift in Sources */ = {isa = PBXBuildFile; fileRef = 4DCD1E6D291A283000F51EF2 /* SceneDelegate.swift */; };
		4DCD1E70291A283000F51EF2 /* WordListViewController.swift in Sources */ = {isa = PBXBuildFile; fileRef = 4DCD1E6F291A283000F51EF2 /* WordListViewController.swift */; };
		4DCD1E73291A283000F51EF2 /* Main.storyboard in Resources */ = {isa = PBXBuildFile; fileRef = 4DCD1E71291A283000F51EF2 /* Main.storyboard */; };
		4DCD1E76291A283000F51EF2 /* EveryDay.xcdatamodeld in Sources */ = {isa = PBXBuildFile; fileRef = 4DCD1E74291A283000F51EF2 /* EveryDay.xcdatamodeld */; };
		4DCD1E78291A283100F51EF2 /* Assets.xcassets in Resources */ = {isa = PBXBuildFile; fileRef = 4DCD1E77291A283100F51EF2 /* Assets.xcassets */; };
		4DCD1E7B291A283100F51EF2 /* LaunchScreen.storyboard in Resources */ = {isa = PBXBuildFile; fileRef = 4DCD1E79291A283100F51EF2 /* LaunchScreen.storyboard */; };
		4DCD1EC9291B5F6400F51EF2 /* CoreDataManager.swift in Sources */ = {isa = PBXBuildFile; fileRef = 4DCD1EC8291B5F6400F51EF2 /* CoreDataManager.swift */; };
		4DCD1ECE291B6EF800F51EF2 /* EveryDayManager.swift in Sources */ = {isa = PBXBuildFile; fileRef = 4DCD1ECD291B6EF800F51EF2 /* EveryDayManager.swift */; };
		4DCD1ED2291B86D200F51EF2 /* WordDetailViewController.swift in Sources */ = {isa = PBXBuildFile; fileRef = 4DCD1ED1291B86D200F51EF2 /* WordDetailViewController.swift */; };
		4DD845642930961B007C2519 /* TotalWordListViewController.swift in Sources */ = {isa = PBXBuildFile; fileRef = 4DD845632930961B007C2519 /* TotalWordListViewController.swift */; };
		4DD8456629309B9B007C2519 /* ToTalWordDetailViewController.swift in Sources */ = {isa = PBXBuildFile; fileRef = 4DD8456529309B9B007C2519 /* ToTalWordDetailViewController.swift */; };
/* End PBXBuildFile section */

/* Begin PBXFileReference section */
		4D6093942938636100B82E6D /* WordListCell.swift */ = {isa = PBXFileReference; lastKnownFileType = sourcecode.swift; path = WordListCell.swift; sourceTree = "<group>"; };
		4D6093952938636100B82E6D /* WordListCell.xib */ = {isa = PBXFileReference; lastKnownFileType = file.xib; path = WordListCell.xib; sourceTree = "<group>"; };
		4D609398293864B500B82E6D /* TotalWordListCell.swift */ = {isa = PBXFileReference; lastKnownFileType = sourcecode.swift; path = TotalWordListCell.swift; sourceTree = "<group>"; };
		4D609399293864B500B82E6D /* TotalWordListCell.xib */ = {isa = PBXFileReference; lastKnownFileType = file.xib; path = TotalWordListCell.xib; sourceTree = "<group>"; };
		4D6A84E929236FCA0050E38C /* CoreData+CoreDataClass.swift */ = {isa = PBXFileReference; lastKnownFileType = sourcecode.swift; path = "CoreData+CoreDataClass.swift"; sourceTree = "<group>"; };
		4D6A84EA29236FCA0050E38C /* CoreData+CoreDataProperties.swift */ = {isa = PBXFileReference; lastKnownFileType = sourcecode.swift; path = "CoreData+CoreDataProperties.swift"; sourceTree = "<group>"; };
		4DCD1E68291A283000F51EF2 /* EveryDay.app */ = {isa = PBXFileReference; explicitFileType = wrapper.application; includeInIndex = 0; path = EveryDay.app; sourceTree = BUILT_PRODUCTS_DIR; };
		4DCD1E6B291A283000F51EF2 /* AppDelegate.swift */ = {isa = PBXFileReference; lastKnownFileType = sourcecode.swift; path = AppDelegate.swift; sourceTree = "<group>"; };
		4DCD1E6D291A283000F51EF2 /* SceneDelegate.swift */ = {isa = PBXFileReference; lastKnownFileType = sourcecode.swift; path = SceneDelegate.swift; sourceTree = "<group>"; };
		4DCD1E6F291A283000F51EF2 /* WordListViewController.swift */ = {isa = PBXFileReference; lastKnownFileType = sourcecode.swift; path = WordListViewController.swift; sourceTree = "<group>"; };
		4DCD1E72291A283000F51EF2 /* Base */ = {isa = PBXFileReference; lastKnownFileType = file.storyboard; name = Base; path = Base.lproj/Main.storyboard; sourceTree = "<group>"; };
		4DCD1E75291A283000F51EF2 /* EveryDay.xcdatamodel */ = {isa = PBXFileReference; lastKnownFileType = wrapper.xcdatamodel; path = EveryDay.xcdatamodel; sourceTree = "<group>"; };
		4DCD1E77291A283100F51EF2 /* Assets.xcassets */ = {isa = PBXFileReference; lastKnownFileType = folder.assetcatalog; path = Assets.xcassets; sourceTree = "<group>"; };
		4DCD1E7A291A283100F51EF2 /* Base */ = {isa = PBXFileReference; lastKnownFileType = file.storyboard; name = Base; path = Base.lproj/LaunchScreen.storyboard; sourceTree = "<group>"; };
		4DCD1E7C291A283100F51EF2 /* Info.plist */ = {isa = PBXFileReference; lastKnownFileType = text.plist.xml; path = Info.plist; sourceTree = "<group>"; };
		4DCD1EC8291B5F6400F51EF2 /* CoreDataManager.swift */ = {isa = PBXFileReference; lastKnownFileType = sourcecode.swift; path = CoreDataManager.swift; sourceTree = "<group>"; };
		4DCD1ECD291B6EF800F51EF2 /* EveryDayManager.swift */ = {isa = PBXFileReference; lastKnownFileType = sourcecode.swift; path = EveryDayManager.swift; sourceTree = "<group>"; };
		4DCD1ED1291B86D200F51EF2 /* WordDetailViewController.swift */ = {isa = PBXFileReference; lastKnownFileType = sourcecode.swift; path = WordDetailViewController.swift; sourceTree = "<group>"; };
		4DD845632930961B007C2519 /* TotalWordListViewController.swift */ = {isa = PBXFileReference; lastKnownFileType = sourcecode.swift; path = TotalWordListViewController.swift; sourceTree = "<group>"; };
		4DD8456529309B9B007C2519 /* ToTalWordDetailViewController.swift */ = {isa = PBXFileReference; lastKnownFileType = sourcecode.swift; path = ToTalWordDetailViewController.swift; sourceTree = "<group>"; };
/* End PBXFileReference section */

/* Begin PBXFrameworksBuildPhase section */
		4DCD1E65291A283000F51EF2 /* Frameworks */ = {
			isa = PBXFrameworksBuildPhase;
			buildActionMask = 2147483647;
			files = (
				4D7419CA292F305300A5FCD0 /* FSCalendar in Frameworks */,
			);
			runOnlyForDeploymentPostprocessing = 0;
		};
/* End PBXFrameworksBuildPhase section */

/* Begin PBXGroup section */
		4DCD1E5F291A283000F51EF2 = {
			isa = PBXGroup;
			children = (
				4DCD1E6A291A283000F51EF2 /* EveryDay */,
				4DCD1E69291A283000F51EF2 /* Products */,
			);
			sourceTree = "<group>";
		};
		4DCD1E69291A283000F51EF2 /* Products */ = {
			isa = PBXGroup;
			children = (
				4DCD1E68291A283000F51EF2 /* EveryDay.app */,
			);
			name = Products;
			sourceTree = "<group>";
		};
		4DCD1E6A291A283000F51EF2 /* EveryDay */ = {
			isa = PBXGroup;
			children = (
				4DCD1ECC291B6E3000F51EF2 /* Controllers */,
				4DCD1ECB291B6E1B00F51EF2 /* Views */,
				4DCD1ECA291B6E0C00F51EF2 /* Models */,
				4DCD1E6B291A283000F51EF2 /* AppDelegate.swift */,
				4DCD1E6D291A283000F51EF2 /* SceneDelegate.swift */,
				4DCD1E77291A283100F51EF2 /* Assets.xcassets */,
				4DCD1E79291A283100F51EF2 /* LaunchScreen.storyboard */,
				4DCD1E7C291A283100F51EF2 /* Info.plist */,
				4DCD1E74291A283000F51EF2 /* EveryDay.xcdatamodeld */,
			);
			path = EveryDay;
			sourceTree = "<group>";
		};
		4DCD1ECA291B6E0C00F51EF2 /* Models */ = {
			isa = PBXGroup;
			children = (
				4D6A84E929236FCA0050E38C /* CoreData+CoreDataClass.swift */,
				4D6A84EA29236FCA0050E38C /* CoreData+CoreDataProperties.swift */,
				4DCD1EC8291B5F6400F51EF2 /* CoreDataManager.swift */,
				4DCD1ECD291B6EF800F51EF2 /* EveryDayManager.swift */,
			);
			path = Models;
			sourceTree = "<group>";
		};
		4DCD1ECB291B6E1B00F51EF2 /* Views */ = {
			isa = PBXGroup;
			children = (
				4DCD1E71291A283000F51EF2 /* Main.storyboard */,
				4D6093942938636100B82E6D /* WordListCell.swift */,
				4D6093952938636100B82E6D /* WordListCell.xib */,
				4D609398293864B500B82E6D /* TotalWordListCell.swift */,
				4D609399293864B500B82E6D /* TotalWordListCell.xib */,
			);
			path = Views;
			sourceTree = "<group>";
		};
		4DCD1ECC291B6E3000F51EF2 /* Controllers */ = {
			isa = PBXGroup;
			children = (
				4DCD1E6F291A283000F51EF2 /* WordListViewController.swift */,
				4DCD1ED1291B86D200F51EF2 /* WordDetailViewController.swift */,
				4DD845632930961B007C2519 /* TotalWordListViewController.swift */,
				4DD8456529309B9B007C2519 /* ToTalWordDetailViewController.swift */,
			);
			path = Controllers;
			sourceTree = "<group>";
		};
/* End PBXGroup section */

/* Begin PBXNativeTarget section */
		4DCD1E67291A283000F51EF2 /* EveryDay */ = {
			isa = PBXNativeTarget;
			buildConfigurationList = 4DCD1E7F291A283100F51EF2 /* Build configuration list for PBXNativeTarget "EveryDay" */;
			buildPhases = (
				4DCD1E64291A283000F51EF2 /* Sources */,
				4DCD1E65291A283000F51EF2 /* Frameworks */,
				4DCD1E66291A283000F51EF2 /* Resources */,
			);
			buildRules = (
			);
			dependencies = (
			);
			name = EveryDay;
			packageProductDependencies = (
				4D7419C9292F305300A5FCD0 /* FSCalendar */,
			);
			productName = EveryDay;
			productReference = 4DCD1E68291A283000F51EF2 /* EveryDay.app */;
			productType = "com.apple.product-type.application";
		};
/* End PBXNativeTarget section */

/* Begin PBXProject section */
		4DCD1E60291A283000F51EF2 /* Project object */ = {
			isa = PBXProject;
			attributes = {
				BuildIndependentTargetsInParallel = 1;
				LastSwiftUpdateCheck = 1410;
				LastUpgradeCheck = 1410;
				TargetAttributes = {
					4DCD1E67291A283000F51EF2 = {
						CreatedOnToolsVersion = 14.1;
					};
				};
			};
			buildConfigurationList = 4DCD1E63291A283000F51EF2 /* Build configuration list for PBXProject "EveryDay" */;
			compatibilityVersion = "Xcode 14.0";
			developmentRegion = ko;
			hasScannedForEncodings = 0;
			knownRegions = (
				ko,
				Base,
			);
			mainGroup = 4DCD1E5F291A283000F51EF2;
			packageReferences = (
				4D7419C8292F305300A5FCD0 /* XCRemoteSwiftPackageReference "FSCalendar" */,
			);
			productRefGroup = 4DCD1E69291A283000F51EF2 /* Products */;
			projectDirPath = "";
			projectRoot = "";
			targets = (
				4DCD1E67291A283000F51EF2 /* EveryDay */,
			);
		};
/* End PBXProject section */

/* Begin PBXResourcesBuildPhase section */
		4DCD1E66291A283000F51EF2 /* Resources */ = {
			isa = PBXResourcesBuildPhase;
			buildActionMask = 2147483647;
			files = (
				4DCD1E7B291A283100F51EF2 /* LaunchScreen.storyboard in Resources */,
				4D6093972938636100B82E6D /* WordListCell.xib in Resources */,
				4DCD1E78291A283100F51EF2 /* Assets.xcassets in Resources */,
				4DCD1E73291A283000F51EF2 /* Main.storyboard in Resources */,
				4D60939B293864B500B82E6D /* TotalWordListCell.xib in Resources */,
			);
			runOnlyForDeploymentPostprocessing = 0;
		};
/* End PBXResourcesBuildPhase section */

/* Begin PBXSourcesBuildPhase section */
		4DCD1E64291A283000F51EF2 /* Sources */ = {
			isa = PBXSourcesBuildPhase;
			buildActionMask = 2147483647;
			files = (
				4D60939A293864B500B82E6D /* TotalWordListCell.swift in Sources */,
				4D6A84EB29236FCA0050E38C /* CoreData+CoreDataClass.swift in Sources */,
				4DCD1ED2291B86D200F51EF2 /* WordDetailViewController.swift in Sources */,
				4DCD1E70291A283000F51EF2 /* WordListViewController.swift in Sources */,
				4D6A84EC29236FCA0050E38C /* CoreData+CoreDataProperties.swift in Sources */,
				4DCD1E6C291A283000F51EF2 /* AppDelegate.swift in Sources */,
				4DCD1ECE291B6EF800F51EF2 /* EveryDayManager.swift in Sources */,
				4DCD1E76291A283000F51EF2 /* EveryDay.xcdatamodeld in Sources */,
				4D6093962938636100B82E6D /* WordListCell.swift in Sources */,
				4DCD1EC9291B5F6400F51EF2 /* CoreDataManager.swift in Sources */,
				4DD845642930961B007C2519 /* TotalWordListViewController.swift in Sources */,
				4DD8456629309B9B007C2519 /* ToTalWordDetailViewController.swift in Sources */,
				4DCD1E6E291A283000F51EF2 /* SceneDelegate.swift in Sources */,
			);
			runOnlyForDeploymentPostprocessing = 0;
		};
/* End PBXSourcesBuildPhase section */

/* Begin PBXVariantGroup section */
		4DCD1E71291A283000F51EF2 /* Main.storyboard */ = {
			isa = PBXVariantGroup;
			children = (
				4DCD1E72291A283000F51EF2 /* Base */,
			);
			name = Main.storyboard;
			sourceTree = "<group>";
		};
		4DCD1E79291A283100F51EF2 /* LaunchScreen.storyboard */ = {
			isa = PBXVariantGroup;
			children = (
				4DCD1E7A291A283100F51EF2 /* Base */,
			);
			name = LaunchScreen.storyboard;
			sourceTree = "<group>";
		};
/* End PBXVariantGroup section */

/* Begin XCBuildConfiguration section */
		4DCD1E7D291A283100F51EF2 /* Debug */ = {
			isa = XCBuildConfiguration;
			buildSettings = {
				ALWAYS_SEARCH_USER_PATHS = NO;
				CLANG_ANALYZER_NONNULL = YES;
				CLANG_ANALYZER_NUMBER_OBJECT_CONVERSION = YES_AGGRESSIVE;
				CLANG_CXX_LANGUAGE_STANDARD = "gnu++20";
				CLANG_ENABLE_MODULES = YES;
				CLANG_ENABLE_OBJC_ARC = YES;
				CLANG_ENABLE_OBJC_WEAK = YES;
				CLANG_WARN_BLOCK_CAPTURE_AUTORELEASING = YES;
				CLANG_WARN_BOOL_CONVERSION = YES;
				CLANG_WARN_COMMA = YES;
				CLANG_WARN_CONSTANT_CONVERSION = YES;
				CLANG_WARN_DEPRECATED_OBJC_IMPLEMENTATIONS = YES;
				CLANG_WARN_DIRECT_OBJC_ISA_USAGE = YES_ERROR;
				CLANG_WARN_DOCUMENTATION_COMMENTS = YES;
				CLANG_WARN_EMPTY_BODY = YES;
				CLANG_WARN_ENUM_CONVERSION = YES;
				CLANG_WARN_INFINITE_RECURSION = YES;
				CLANG_WARN_INT_CONVERSION = YES;
				CLANG_WARN_NON_LITERAL_NULL_CONVERSION = YES;
				CLANG_WARN_OBJC_IMPLICIT_RETAIN_SELF = YES;
				CLANG_WARN_OBJC_LITERAL_CONVERSION = YES;
				CLANG_WARN_OBJC_ROOT_CLASS = YES_ERROR;
				CLANG_WARN_QUOTED_INCLUDE_IN_FRAMEWORK_HEADER = YES;
				CLANG_WARN_RANGE_LOOP_ANALYSIS = YES;
				CLANG_WARN_STRICT_PROTOTYPES = YES;
				CLANG_WARN_SUSPICIOUS_MOVE = YES;
				CLANG_WARN_UNGUARDED_AVAILABILITY = YES_AGGRESSIVE;
				CLANG_WARN_UNREACHABLE_CODE = YES;
				CLANG_WARN__DUPLICATE_METHOD_MATCH = YES;
				COPY_PHASE_STRIP = NO;
				DEBUG_INFORMATION_FORMAT = dwarf;
				ENABLE_STRICT_OBJC_MSGSEND = YES;
				ENABLE_TESTABILITY = YES;
				GCC_C_LANGUAGE_STANDARD = gnu11;
				GCC_DYNAMIC_NO_PIC = NO;
				GCC_NO_COMMON_BLOCKS = YES;
				GCC_OPTIMIZATION_LEVEL = 0;
				GCC_PREPROCESSOR_DEFINITIONS = (
					"DEBUG=1",
					"$(inherited)",
				);
				GCC_WARN_64_TO_32_BIT_CONVERSION = YES;
				GCC_WARN_ABOUT_RETURN_TYPE = YES_ERROR;
				GCC_WARN_UNDECLARED_SELECTOR = YES;
				GCC_WARN_UNINITIALIZED_AUTOS = YES_AGGRESSIVE;
				GCC_WARN_UNUSED_FUNCTION = YES;
				GCC_WARN_UNUSED_VARIABLE = YES;
				IPHONEOS_DEPLOYMENT_TARGET = 16.1;
				MTL_ENABLE_DEBUG_INFO = INCLUDE_SOURCE;
				MTL_FAST_MATH = YES;
				ONLY_ACTIVE_ARCH = YES;
				SDKROOT = iphoneos;
				SWIFT_ACTIVE_COMPILATION_CONDITIONS = DEBUG;
				SWIFT_OPTIMIZATION_LEVEL = "-Onone";
			};
			name = Debug;
		};
		4DCD1E7E291A283100F51EF2 /* Release */ = {
			isa = XCBuildConfiguration;
			buildSettings = {
				ALWAYS_SEARCH_USER_PATHS = NO;
				CLANG_ANALYZER_NONNULL = YES;
				CLANG_ANALYZER_NUMBER_OBJECT_CONVERSION = YES_AGGRESSIVE;
				CLANG_CXX_LANGUAGE_STANDARD = "gnu++20";
				CLANG_ENABLE_MODULES = YES;
				CLANG_ENABLE_OBJC_ARC = YES;
				CLANG_ENABLE_OBJC_WEAK = YES;
				CLANG_WARN_BLOCK_CAPTURE_AUTORELEASING = YES;
				CLANG_WARN_BOOL_CONVERSION = YES;
				CLANG_WARN_COMMA = YES;
				CLANG_WARN_CONSTANT_CONVERSION = YES;
				CLANG_WARN_DEPRECATED_OBJC_IMPLEMENTATIONS = YES;
				CLANG_WARN_DIRECT_OBJC_ISA_USAGE = YES_ERROR;
				CLANG_WARN_DOCUMENTATION_COMMENTS = YES;
				CLANG_WARN_EMPTY_BODY = YES;
				CLANG_WARN_ENUM_CONVERSION = YES;
				CLANG_WARN_INFINITE_RECURSION = YES;
				CLANG_WARN_INT_CONVERSION = YES;
				CLANG_WARN_NON_LITERAL_NULL_CONVERSION = YES;
				CLANG_WARN_OBJC_IMPLICIT_RETAIN_SELF = YES;
				CLANG_WARN_OBJC_LITERAL_CONVERSION = YES;
				CLANG_WARN_OBJC_ROOT_CLASS = YES_ERROR;
				CLANG_WARN_QUOTED_INCLUDE_IN_FRAMEWORK_HEADER = YES;
				CLANG_WARN_RANGE_LOOP_ANALYSIS = YES;
				CLANG_WARN_STRICT_PROTOTYPES = YES;
				CLANG_WARN_SUSPICIOUS_MOVE = YES;
				CLANG_WARN_UNGUARDED_AVAILABILITY = YES_AGGRESSIVE;
				CLANG_WARN_UNREACHABLE_CODE = YES;
				CLANG_WARN__DUPLICATE_METHOD_MATCH = YES;
				COPY_PHASE_STRIP = NO;
				DEBUG_INFORMATION_FORMAT = "dwarf-with-dsym";
				ENABLE_NS_ASSERTIONS = NO;
				ENABLE_STRICT_OBJC_MSGSEND = YES;
				GCC_C_LANGUAGE_STANDARD = gnu11;
				GCC_NO_COMMON_BLOCKS = YES;
				GCC_WARN_64_TO_32_BIT_CONVERSION = YES;
				GCC_WARN_ABOUT_RETURN_TYPE = YES_ERROR;
				GCC_WARN_UNDECLARED_SELECTOR = YES;
				GCC_WARN_UNINITIALIZED_AUTOS = YES_AGGRESSIVE;
				GCC_WARN_UNUSED_FUNCTION = YES;
				GCC_WARN_UNUSED_VARIABLE = YES;
				IPHONEOS_DEPLOYMENT_TARGET = 16.1;
				MTL_ENABLE_DEBUG_INFO = NO;
				MTL_FAST_MATH = YES;
				SDKROOT = iphoneos;
				SWIFT_COMPILATION_MODE = wholemodule;
				SWIFT_OPTIMIZATION_LEVEL = "-O";
				VALIDATE_PRODUCT = YES;
			};
			name = Release;
		};
		4DCD1E80291A283100F51EF2 /* Debug */ = {
			isa = XCBuildConfiguration;
			buildSettings = {
				ASSETCATALOG_COMPILER_APPICON_NAME = AppIcon;
				ASSETCATALOG_COMPILER_GLOBAL_ACCENT_COLOR_NAME = AccentColor;
				CODE_SIGN_STYLE = Automatic;
				CURRENT_PROJECT_VERSION = 1;
				DEVELOPMENT_TEAM = 5566XK43XC;
				GENERATE_INFOPLIST_FILE = YES;
				INFOPLIST_FILE = EveryDay/Info.plist;
				INFOPLIST_KEY_LSApplicationCategoryType = "public.app-category.productivity";
				INFOPLIST_KEY_UIApplicationSupportsIndirectInputEvents = YES;
				INFOPLIST_KEY_UILaunchStoryboardName = LaunchScreen;
				INFOPLIST_KEY_UIMainStoryboardFile = Main;
				INFOPLIST_KEY_UIStatusBarStyle = "";
				INFOPLIST_KEY_UISupportedInterfaceOrientations = UIInterfaceOrientationPortrait;
				INFOPLIST_KEY_UISupportedInterfaceOrientations_iPad = "UIInterfaceOrientationLandscapeLeft UIInterfaceOrientationLandscapeRight UIInterfaceOrientationPortrait UIInterfaceOrientationPortraitUpsideDown";
				IPHONEOS_DEPLOYMENT_TARGET = 15.0;
				LD_RUNPATH_SEARCH_PATHS = (
					"$(inherited)",
					"@executable_path/Frameworks",
				);
				MARKETING_VERSION = 1.0;
				PRODUCT_BUNDLE_IDENTIFIER = com.pulsar.EveryDay;
				PRODUCT_NAME = "$(TARGET_NAME)";
				SUPPORTED_PLATFORMS = "iphoneos iphonesimulator";
				SUPPORTS_MACCATALYST = NO;
				SUPPORTS_MAC_DESIGNED_FOR_IPHONE_IPAD = NO;
				SWIFT_EMIT_LOC_STRINGS = YES;
				SWIFT_VERSION = 5.0;
				TARGETED_DEVICE_FAMILY = 1;
			};
			name = Debug;
		};
		4DCD1E81291A283100F51EF2 /* Release */ = {
			isa = XCBuildConfiguration;
			buildSettings = {
				ASSETCATALOG_COMPILER_APPICON_NAME = AppIcon;
				ASSETCATALOG_COMPILER_GLOBAL_ACCENT_COLOR_NAME = AccentColor;
				CODE_SIGN_STYLE = Automatic;
				CURRENT_PROJECT_VERSION = 1;
				DEVELOPMENT_TEAM = 5566XK43XC;
				GENERATE_INFOPLIST_FILE = YES;
				INFOPLIST_FILE = EveryDay/Info.plist;
				INFOPLIST_KEY_LSApplicationCategoryType = "public.app-category.productivity";
				INFOPLIST_KEY_UIApplicationSupportsIndirectInputEvents = YES;
				INFOPLIST_KEY_UILaunchStoryboardName = LaunchScreen;
				INFOPLIST_KEY_UIMainStoryboardFile = Main;
				INFOPLIST_KEY_UIStatusBarStyle = "";
				INFOPLIST_KEY_UISupportedInterfaceOrientations = UIInterfaceOrientationPortrait;
				INFOPLIST_KEY_UISupportedInterfaceOrientations_iPad = "UIInterfaceOrientationLandscapeLeft UIInterfaceOrientationLandscapeRight UIInterfaceOrientationPortrait UIInterfaceOrientationPortraitUpsideDown";
				IPHONEOS_DEPLOYMENT_TARGET = 15.0;
				LD_RUNPATH_SEARCH_PATHS = (
					"$(inherited)",
					"@executable_path/Frameworks",
				);
				MARKETING_VERSION = 1.0;
				PRODUCT_BUNDLE_IDENTIFIER = com.pulsar.EveryDay;
				PRODUCT_NAME = "$(TARGET_NAME)";
				SUPPORTED_PLATFORMS = "iphoneos iphonesimulator";
				SUPPORTS_MACCATALYST = NO;
				SUPPORTS_MAC_DESIGNED_FOR_IPHONE_IPAD = NO;
				SWIFT_EMIT_LOC_STRINGS = YES;
				SWIFT_VERSION = 5.0;
				TARGETED_DEVICE_FAMILY = 1;
			};
			name = Release;
		};
/* End XCBuildConfiguration section */

/* Begin XCConfigurationList section */
		4DCD1E63291A283000F51EF2 /* Build configuration list for PBXProject "EveryDay" */ = {
			isa = XCConfigurationList;
			buildConfigurations = (
				4DCD1E7D291A283100F51EF2 /* Debug */,
				4DCD1E7E291A283100F51EF2 /* Release */,
			);
			defaultConfigurationIsVisible = 0;
			defaultConfigurationName = Release;
		};
		4DCD1E7F291A283100F51EF2 /* Build configuration list for PBXNativeTarget "EveryDay" */ = {
			isa = XCConfigurationList;
			buildConfigurations = (
				4DCD1E80291A283100F51EF2 /* Debug */,
				4DCD1E81291A283100F51EF2 /* Release */,
			);
			defaultConfigurationIsVisible = 0;
			defaultConfigurationName = Release;
		};
/* End XCConfigurationList section */

/* Begin XCRemoteSwiftPackageReference section */
		4D7419C8292F305300A5FCD0 /* XCRemoteSwiftPackageReference "FSCalendar" */ = {
			isa = XCRemoteSwiftPackageReference;
			repositoryURL = "https://github.com/WenchaoD/FSCalendar.git";
			requirement = {
				kind = upToNextMajorVersion;
				minimumVersion = 2.0.0;
			};
		};
/* End XCRemoteSwiftPackageReference section */

/* Begin XCSwiftPackageProductDependency section */
		4D7419C9292F305300A5FCD0 /* FSCalendar */ = {
			isa = XCSwiftPackageProductDependency;
			package = 4D7419C8292F305300A5FCD0 /* XCRemoteSwiftPackageReference "FSCalendar" */;
			productName = FSCalendar;
		};
/* End XCSwiftPackageProductDependency section */

/* Begin XCVersionGroup section */
		4DCD1E74291A283000F51EF2 /* EveryDay.xcdatamodeld */ = {
			isa = XCVersionGroup;
			children = (
				4DCD1E75291A283000F51EF2 /* EveryDay.xcdatamodel */,
			);
			currentVersion = 4DCD1E75291A283000F51EF2 /* EveryDay.xcdatamodel */;
			path = EveryDay.xcdatamodeld;
			sourceTree = "<group>";
			versionGroupType = wrapper.xcdatamodel;
		};
/* End XCVersionGroup section */
	};
	rootObject = 4DCD1E60291A283000F51EF2 /* Project object */;
}
